Microsoft Visual Studio Solution File, Format Version 12.00
# Visual Studio 2012
Project("{FAE04EC0-301F-11D3-BF4B-00C04F79EFBC}") = "ZomboidSurvivors", "ZomboidSurvivors.csproj", "{238F2F19-02B2-47FC-B87A-16AE4B502AFF}"
EndProject
Global
	GlobalSection(SolutionConfigurationPlatforms) = preSolution
	Debug|Any CPU = Debug|Any CPU
	ExportDebug|Any CPU = ExportDebug|Any CPU
	ExportRelease|Any CPU = ExportRelease|Any CPU
	EndGlobalSection
	GlobalSection(ProjectConfigurationPlatforms) = postSolution
		{238F2F19-02B2-47FC-B87A-16AE4B502AFF}.Debug|Any CPU.ActiveCfg = Debug|Any CPU
		{238F2F19-02B2-47FC-B87A-16AE4B502AFF}.Debug|Any CPU.Build.0 = Debug|Any CPU
		{238F2F19-02B2-47FC-B87A-16AE4B502AFF}.ExportDebug|Any CPU.ActiveCfg = ExportDebug|Any CPU
		{238F2F19-02B2-47FC-B87A-16AE4B502AFF}.ExportDebug|Any CPU.Build.0 = ExportDebug|Any CPU
		{238F2F19-02B2-47FC-B87A-16AE4B502AFF}.ExportRelease|Any CPU.ActiveCfg = ExportRelease|Any CPU
		{238F2F19-02B2-47FC-B87A-16AE4B502AFF}.ExportRelease|Any CPU.Build.0 = ExportRelease|Any CPU
	EndGlobalSection
EndGlobal
